{
  "nodes": {
    "flake-utils": {
      "locked": {
        "lastModified": 1652776076,
        "narHash": "sha256-gzTw/v1vj4dOVbpBSJX4J0DwUR6LIyXo7/SuuTJp1kM=",
        "owner": "numtide",
        "repo": "flake-utils",
        "rev": "04c1b180862888302ddfb2e3ad9eaa63afc60cf8",
        "type": "github"
      },
      "original": {
        "owner": "numtide",
        "ref": "v1.0.0",
        "repo": "flake-utils",
        "type": "github"
      }
    },
    "nixos": {
      "locked": {
        "lastModified": 1692311310,
        "narHash": "sha256-K3VAwgGl7BnoAbDp6qNoCiE2TRuF7j/3nUao57hfh6U=",
        "owner": "NixOS",
        "repo": "nixpkgs",
        "rev": "53baed0863ff7df14b14444b779ddfaa80621f1a",
        "type": "github"
      },
      "original": {
        "owner": "NixOS",
        "ref": "nixos-23.05",
        "repo": "nixpkgs",
        "type": "github"
      }
    },
    "pythoneda-shared-pythoneda-banner": {
      "inputs": {
        "flake-utils": [
          "flake-utils"
        ],
        "nixos": [
          "nixos"
        ]
      },
      "locked": {
        "lastModified": 1701808996,
        "narHash": "sha256-XgJNvi9XH/nQ+GRvTXlxPsbZsmre3Gd0UJJWOIhfr5Q=",
        "owner": "pythoneda-shared-pythoneda-def",
        "repo": "banner",
        "rev": "2749c8f6aec5af4386706065738569e8eefaefdb",
        "type": "github"
      },
      "original": {
        "owner": "pythoneda-shared-pythoneda-def",
        "ref": "0.0.33",
        "repo": "banner",
        "type": "github"
      }
    },
    "root": {
      "inputs": {
        "flake-utils": "flake-utils",
        "nixos": "nixos",
        "pythoneda-shared-pythoneda-banner": "pythoneda-shared-pythoneda-banner"
      }
    }
  },
  "root": "root",
  "version": 7
}
