{
  "nodes": {
    "dry-wit": {
      "inputs": {
        "flake-utils": [
          "flake-utils"
        ],
        "nixos": [
          "nixos"
        ]
      },
      "locked": {
        "dir": "nix",
        "lastModified": 1731838234,
        "narHash": "sha256-f54njUo4EZO7Vc2fW2i01vdlbJ+mdws8e8dhNcDrg2U=",
        "owner": "rydnr",
        "repo": "dry-wit",
        "rev": "02b60582628e30633ac86a988da81c2e6a533850",
        "type": "github"
      },
      "original": {
        "dir": "nix",
        "owner": "rydnr",
        "ref": "3.0.22",
        "repo": "dry-wit",
        "type": "github"
      }
    },
    "flake-utils": {
      "locked": {
        "lastModified": 1652776076,
        "narHash": "sha256-gzTw/v1vj4dOVbpBSJX4J0DwUR6LIyXo7/SuuTJp1kM=",
        "owner": "numtide",
        "repo": "flake-utils",
        "rev": "04c1b180862888302ddfb2e3ad9eaa63afc60cf8",
        "type": "github"
      },
      "original": {
        "owner": "numtide",
        "ref": "v1.0.0",
        "repo": "flake-utils",
        "type": "github"
      }
    },
    "nixos": {
      "locked": {
        "lastModified": 1717179513,
        "narHash": "sha256-vboIEwIQojofItm2xGCdZCzW96U85l9nDW3ifMuAIdM=",
        "owner": "NixOS",
        "repo": "nixpkgs",
        "rev": "63dacb46bf939521bdc93981b4cbb7ecb58427a0",
        "type": "github"
      },
      "original": {
        "owner": "NixOS",
        "ref": "24.05",
        "repo": "nixpkgs",
        "type": "github"
      }
    },
    "pythoneda-shared-pythonlang-banner": {
      "inputs": {
        "flake-utils": [
          "flake-utils"
        ],
        "nixos": [
          "nixos"
        ]
      },
      "locked": {
        "lastModified": 1731668408,
        "narHash": "sha256-oCzYR2e8hCD9nvjbg1rKHyfZf6t/n75fPYwSiZPZG94=",
        "owner": "pythoneda-shared-pythonlang-def",
        "repo": "banner",
        "rev": "a68e4aebbe346d7514ae23d9bd743626854a46ac",
        "type": "github"
      },
      "original": {
        "owner": "pythoneda-shared-pythonlang-def",
        "ref": "0.0.61",
        "repo": "banner",
        "type": "github"
      }
    },
    "pythoneda-shared-pythonlang-banner_2": {
      "inputs": {
        "flake-utils": [
          "release-tag",
          "flake-utils"
        ],
        "nixos": [
          "release-tag",
          "nixos"
        ]
      },
      "locked": {
        "lastModified": 1731668408,
        "narHash": "sha256-oCzYR2e8hCD9nvjbg1rKHyfZf6t/n75fPYwSiZPZG94=",
        "owner": "pythoneda-shared-pythonlang-def",
        "repo": "banner",
        "rev": "a68e4aebbe346d7514ae23d9bd743626854a46ac",
        "type": "github"
      },
      "original": {
        "owner": "pythoneda-shared-pythonlang-def",
        "ref": "0.0.61",
        "repo": "banner",
        "type": "github"
      }
    },
    "pythoneda-shared-pythonlang-banner_3": {
      "inputs": {
        "flake-utils": [
          "update-latest-inputs-nix-flake",
          "flake-utils"
        ],
        "nixos": [
          "update-latest-inputs-nix-flake",
          "nixos"
        ]
      },
      "locked": {
        "lastModified": 1731668408,
        "narHash": "sha256-oCzYR2e8hCD9nvjbg1rKHyfZf6t/n75fPYwSiZPZG94=",
        "owner": "pythoneda-shared-pythonlang-def",
        "repo": "banner",
        "rev": "a68e4aebbe346d7514ae23d9bd743626854a46ac",
        "type": "github"
      },
      "original": {
        "owner": "pythoneda-shared-pythonlang-def",
        "ref": "0.0.61",
        "repo": "banner",
        "type": "github"
      }
    },
    "pythoneda-shared-pythonlang-banner_4": {
      "inputs": {
        "flake-utils": [
          "update-sha256-nix-flake",
          "flake-utils"
        ],
        "nixos": [
          "update-sha256-nix-flake",
          "nixos"
        ]
      },
      "locked": {
        "lastModified": 1731668408,
        "narHash": "sha256-oCzYR2e8hCD9nvjbg1rKHyfZf6t/n75fPYwSiZPZG94=",
        "owner": "pythoneda-shared-pythonlang-def",
        "repo": "banner",
        "rev": "a68e4aebbe346d7514ae23d9bd743626854a46ac",
        "type": "github"
      },
      "original": {
        "owner": "pythoneda-shared-pythonlang-def",
        "ref": "0.0.61",
        "repo": "banner",
        "type": "github"
      }
    },
    "release-tag": {
      "inputs": {
        "dry-wit": [
          "dry-wit"
        ],
        "flake-utils": [
          "flake-utils"
        ],
        "nixos": [
          "nixos"
        ],
        "pythoneda-shared-pythonlang-banner": "pythoneda-shared-pythonlang-banner_2"
      },
      "locked": {
        "dir": "release-tag",
        "lastModified": 1731838763,
        "narHash": "sha256-dL3YiEZiL74XZp4QxvDP4n2QT7tPIlC8qt9+YcmXumM=",
        "owner": "rydnr",
        "repo": "nix-dry-wit-scripts",
        "rev": "7a67e98bf106dffad3a13d2cf47a799f3032d97b",
        "type": "github"
      },
      "original": {
        "dir": "release-tag",
        "owner": "rydnr",
        "ref": "0.0.34",
        "repo": "nix-dry-wit-scripts",
        "type": "github"
      }
    },
    "root": {
      "inputs": {
        "dry-wit": "dry-wit",
        "flake-utils": "flake-utils",
        "nixos": "nixos",
        "pythoneda-shared-pythonlang-banner": "pythoneda-shared-pythonlang-banner",
        "release-tag": "release-tag",
        "update-latest-inputs-nix-flake": "update-latest-inputs-nix-flake",
        "update-sha256-nix-flake": "update-sha256-nix-flake"
      }
    },
    "update-latest-inputs-nix-flake": {
      "inputs": {
        "dry-wit": [
          "dry-wit"
        ],
        "flake-utils": [
          "flake-utils"
        ],
        "nixos": [
          "nixos"
        ],
        "pythoneda-shared-pythonlang-banner": "pythoneda-shared-pythonlang-banner_3"
      },
      "locked": {
        "dir": "update-latest-inputs-nix-flake",
        "lastModified": 1731838763,
        "narHash": "sha256-dL3YiEZiL74XZp4QxvDP4n2QT7tPIlC8qt9+YcmXumM=",
        "owner": "rydnr",
        "repo": "nix-dry-wit-scripts",
        "rev": "7a67e98bf106dffad3a13d2cf47a799f3032d97b",
        "type": "github"
      },
      "original": {
        "dir": "update-latest-inputs-nix-flake",
        "owner": "rydnr",
        "ref": "0.0.34",
        "repo": "nix-dry-wit-scripts",
        "type": "github"
      }
    },
    "update-sha256-nix-flake": {
      "inputs": {
        "dry-wit": [
          "dry-wit"
        ],
        "flake-utils": [
          "flake-utils"
        ],
        "nixos": [
          "nixos"
        ],
        "pythoneda-shared-pythonlang-banner": "pythoneda-shared-pythonlang-banner_4"
      },
      "locked": {
        "dir": "update-sha256-nix-flake",
        "lastModified": 1731838763,
        "narHash": "sha256-dL3YiEZiL74XZp4QxvDP4n2QT7tPIlC8qt9+YcmXumM=",
        "owner": "rydnr",
        "repo": "nix-dry-wit-scripts",
        "rev": "7a67e98bf106dffad3a13d2cf47a799f3032d97b",
        "type": "github"
      },
      "original": {
        "dir": "update-sha256-nix-flake",
        "owner": "rydnr",
        "ref": "0.0.34",
        "repo": "nix-dry-wit-scripts",
        "type": "github"
      }
    }
  },
  "root": "root",
  "version": 7
}
