{
  "nodes": {
    "dry-wit": {
      "inputs": {
        "flake-utils": [
          "flake-utils"
        ],
        "nixpkgs": [
          "nixpkgs"
        ]
      },
      "locked": {
        "dir": "nix",
        "lastModified": 1737611342,
        "narHash": "sha256-0t+FAXoNJwrEvu/z+siNJIKmSxrkg0FOTeVxm232MWQ=",
        "owner": "rydnr",
        "repo": "dry-wit",
        "rev": "d9f89d7c0aa6b3a9b4eb03dbeff9b76d18c6fd88",
        "type": "github"
      },
      "original": {
        "dir": "nix",
        "owner": "rydnr",
        "ref": "3.0.28",
        "repo": "dry-wit",
        "type": "github"
      }
    },
    "flake-utils": {
      "locked": {
        "lastModified": 1652776076,
        "narHash": "sha256-gzTw/v1vj4dOVbpBSJX4J0DwUR6LIyXo7/SuuTJp1kM=",
        "owner": "numtide",
        "repo": "flake-utils",
        "rev": "04c1b180862888302ddfb2e3ad9eaa63afc60cf8",
        "type": "github"
      },
      "original": {
        "owner": "numtide",
        "ref": "v1.0.0",
        "repo": "flake-utils",
        "type": "github"
      }
    },
    "nixpkgs": {
      "locked": {
        "lastModified": 1737568866,
        "narHash": "sha256-YwtrRI65+xp8QtenPJKjbDNlP3ncSEllJoHe3K0wlHE=",
        "owner": "NixOS",
        "repo": "nixpkgs",
        "rev": "6e147e7593aa077cb1879fbf9febd14909e5563b",
        "type": "github"
      },
      "original": {
        "owner": "NixOS",
        "ref": "release-24.11",
        "repo": "nixpkgs",
        "type": "github"
      }
    },
    "pythoneda-shared-pythonlang-banner": {
      "inputs": {
        "flake-utils": [
          "flake-utils"
        ],
        "nixpkgs": [
          "nixpkgs"
        ]
      },
      "locked": {
        "lastModified": 1733921954,
        "narHash": "sha256-8bXCVSjpGD+1Zpfqjmie6JKnz7eH5vALIXKoa9n0OyI=",
        "owner": "pythoneda-shared-pythonlang-def",
        "repo": "banner",
        "rev": "d6f65312ef3f7a8a3315aca7c0f3cc99783a5b20",
        "type": "github"
      },
      "original": {
        "owner": "pythoneda-shared-pythonlang-def",
        "ref": "0.0.74",
        "repo": "banner",
        "type": "github"
      }
    },
    "pythoneda-shared-pythonlang-banner_2": {
      "inputs": {
        "flake-utils": [
          "release-tag",
          "flake-utils"
        ],
        "nixpkgs": [
          "release-tag",
          "nixpkgs"
        ]
      },
      "locked": {
        "lastModified": 1733921954,
        "narHash": "sha256-8bXCVSjpGD+1Zpfqjmie6JKnz7eH5vALIXKoa9n0OyI=",
        "owner": "pythoneda-shared-pythonlang-def",
        "repo": "banner",
        "rev": "d6f65312ef3f7a8a3315aca7c0f3cc99783a5b20",
        "type": "github"
      },
      "original": {
        "owner": "pythoneda-shared-pythonlang-def",
        "ref": "0.0.74",
        "repo": "banner",
        "type": "github"
      }
    },
    "pythoneda-shared-pythonlang-banner_3": {
      "inputs": {
        "flake-utils": [
          "update-latest-inputs-nix-flake",
          "flake-utils"
        ],
        "nixpkgs": [
          "update-latest-inputs-nix-flake",
          "nixpkgs"
        ]
      },
      "locked": {
        "lastModified": 1733921954,
        "narHash": "sha256-8bXCVSjpGD+1Zpfqjmie6JKnz7eH5vALIXKoa9n0OyI=",
        "owner": "pythoneda-shared-pythonlang-def",
        "repo": "banner",
        "rev": "d6f65312ef3f7a8a3315aca7c0f3cc99783a5b20",
        "type": "github"
      },
      "original": {
        "owner": "pythoneda-shared-pythonlang-def",
        "ref": "0.0.74",
        "repo": "banner",
        "type": "github"
      }
    },
    "pythoneda-shared-pythonlang-banner_4": {
      "inputs": {
        "flake-utils": [
          "update-sha256-nix-flake",
          "flake-utils"
        ],
        "nixpkgs": [
          "update-sha256-nix-flake",
          "nixpkgs"
        ]
      },
      "locked": {
        "lastModified": 1733921954,
        "narHash": "sha256-8bXCVSjpGD+1Zpfqjmie6JKnz7eH5vALIXKoa9n0OyI=",
        "owner": "pythoneda-shared-pythonlang-def",
        "repo": "banner",
        "rev": "d6f65312ef3f7a8a3315aca7c0f3cc99783a5b20",
        "type": "github"
      },
      "original": {
        "owner": "pythoneda-shared-pythonlang-def",
        "ref": "0.0.74",
        "repo": "banner",
        "type": "github"
      }
    },
    "release-tag": {
      "inputs": {
        "dry-wit": [
          "dry-wit"
        ],
        "flake-utils": [
          "flake-utils"
        ],
        "nixpkgs": [
          "nixpkgs"
        ],
        "pythoneda-shared-pythonlang-banner": "pythoneda-shared-pythonlang-banner_2"
      },
      "locked": {
        "dir": "release-tag",
        "lastModified": 1737611613,
        "narHash": "sha256-jNFAnhRepoJjMHtd1jm7upNLVE1cRnsbriLUwLXzb5w=",
        "owner": "rydnr",
        "repo": "nix-dry-wit-scripts",
        "rev": "9c925fddfe386bd65cedd582a704afbab572814b",
        "type": "github"
      },
      "original": {
        "dir": "release-tag",
        "owner": "rydnr",
        "ref": "0.0.42",
        "repo": "nix-dry-wit-scripts",
        "type": "github"
      }
    },
    "root": {
      "inputs": {
        "dry-wit": "dry-wit",
        "flake-utils": "flake-utils",
        "nixpkgs": "nixpkgs",
        "pythoneda-shared-pythonlang-banner": "pythoneda-shared-pythonlang-banner",
        "release-tag": "release-tag",
        "update-latest-inputs-nix-flake": "update-latest-inputs-nix-flake",
        "update-sha256-nix-flake": "update-sha256-nix-flake"
      }
    },
    "update-latest-inputs-nix-flake": {
      "inputs": {
        "dry-wit": [
          "dry-wit"
        ],
        "flake-utils": [
          "flake-utils"
        ],
        "nixpkgs": [
          "nixpkgs"
        ],
        "pythoneda-shared-pythonlang-banner": "pythoneda-shared-pythonlang-banner_3"
      },
      "locked": {
        "dir": "update-latest-inputs-nix-flake",
        "lastModified": 1737611613,
        "narHash": "sha256-jNFAnhRepoJjMHtd1jm7upNLVE1cRnsbriLUwLXzb5w=",
        "owner": "rydnr",
        "repo": "nix-dry-wit-scripts",
        "rev": "9c925fddfe386bd65cedd582a704afbab572814b",
        "type": "github"
      },
      "original": {
        "dir": "update-latest-inputs-nix-flake",
        "owner": "rydnr",
        "ref": "0.0.42",
        "repo": "nix-dry-wit-scripts",
        "type": "github"
      }
    },
    "update-sha256-nix-flake": {
      "inputs": {
        "dry-wit": [
          "dry-wit"
        ],
        "flake-utils": [
          "flake-utils"
        ],
        "nixpkgs": [
          "nixpkgs"
        ],
        "pythoneda-shared-pythonlang-banner": "pythoneda-shared-pythonlang-banner_4"
      },
      "locked": {
        "dir": "update-sha256-nix-flake",
        "lastModified": 1737611613,
        "narHash": "sha256-jNFAnhRepoJjMHtd1jm7upNLVE1cRnsbriLUwLXzb5w=",
        "owner": "rydnr",
        "repo": "nix-dry-wit-scripts",
        "rev": "9c925fddfe386bd65cedd582a704afbab572814b",
        "type": "github"
      },
      "original": {
        "dir": "update-sha256-nix-flake",
        "owner": "rydnr",
        "ref": "0.0.42",
        "repo": "nix-dry-wit-scripts",
        "type": "github"
      }
    }
  },
  "root": "root",
  "version": 7
}
